<?xml version="1.0" encoding="utf-8"?>
<Project ToolsVersion="4.0" xmlns="http://schemas.microsoft.com/developer/msbuild/2003">
  <ItemGroup>
    <Filter Include="Source Files">
      <UniqueIdentifier>{4FC737F1-C7A5-4376-A066-2A32D752A2FF}</UniqueIdentifier>
      <Extensions>cpp;c;cc;cxx;c++;cppm;ixx;def;odl;idl;hpj;bat;asm;asmx</Extensions>
    </Filter>
    <Filter Include="Header Files">
      <UniqueIdentifier>{93995380-89BD-4b04-88EB-625FBE52EBFB}</UniqueIdentifier>
      <Extensions>h;hh;hpp;hxx;h++;hm;inl;inc;ipp;xsd</Extensions>
    </Filter>
    <Filter Include="Resource Files">
      <UniqueIdentifier>{67DA6AB6-F800-4c08-8B7A-83BB121AAD01}</UniqueIdentifier>
      <Extensions>rc;ico;cur;bmp;dlg;rc2;rct;bin;rgs;gif;jpg;jpeg;jpe;resx;tiff;tif;png;wav;mfcribbon-ms</Extensions>
    </Filter>
  </ItemGroup>
  <ItemGroup>
    <ClInclude Include="Position.h">
      <Filter>Header Files</Filter>
    </ClInclude>
    <ClInclude Include="Size.h">
      <Filter>Header Files</Filter>
    </ClInclude>
    <ClInclude Include="Entity.h">
      <Filter>Header Files</Filter>
    </ClInclude>
    <ClInclude Include="Moving.h">
      <Filter>Header Files</Filter>
    </ClInclude>
    <ClInclude Include="Zombie.h">
      <Filter>Header Files</Filter>
    </ClInclude>
    <ClInclude Include="LawnMover.h">
      <Filter>Header Files</Filter>
    </ClInclude>
    <ClInclude Include="Pea.h">
      <Filter>Header Files</Filter>
    </ClInclude>
    <ClInclude Include="NormalPea.h">
      <Filter>Header Files</Filter>
    </ClInclude>
    <ClInclude Include="WhitePea.h">
      <Filter>Header Files</Filter>
    </ClInclude>
    <ClInclude Include="Sun.h">
      <Filter>Header Files</Filter>
    </ClInclude>
    <ClInclude Include="SimpleZombies.h">
      <Filter>Header Files</Filter>
    </ClInclude>
    <ClInclude Include="DolphinRiderZombies.h">
      <Filter>Header Files</Filter>
    </ClInclude>
    <ClInclude Include="FootballZombies.h">
      <Filter>Header Files</Filter>
    </ClInclude>
    <ClInclude Include="FlyingZombies.h">
      <Filter>Header Files</Filter>
    </ClInclude>
    <ClInclude Include="DancingZombies.h">
      <Filter>Header Files</Filter>
    </ClInclude>
    <ClInclude Include="Time.h">
      <Filter>Header Files</Filter>
    </ClInclude>
    <ClInclude Include="Level.h">
      <Filter>Header Files</Filter>
    </ClInclude>
    <ClInclude Include="ZombieFactory.h">
      <Filter>Header Files</Filter>
    </ClInclude>
    <ClInclude Include="Game.h">
      <Filter>Header Files</Filter>
    </ClInclude>
    <ClInclude Include="BeginersGarden.h">
      <Filter>Header Files</Filter>
    </ClInclude>
    <ClInclude Include="Sprite.h">
      <Filter>Header Files</Filter>
    </ClInclude>
  </ItemGroup>
  <ItemGroup>
    <ClCompile Include="Position.cpp">
      <Filter>Source Files</Filter>
    </ClCompile>
    <ClCompile Include="Size.cpp">
      <Filter>Source Files</Filter>
    </ClCompile>
    <ClCompile Include="Entity.cpp">
      <Filter>Source Files</Filter>
    </ClCompile>
    <ClCompile Include="Moving.cpp">
      <Filter>Source Files</Filter>
    </ClCompile>
    <ClCompile Include="Zombie.cpp">
      <Filter>Source Files</Filter>
    </ClCompile>
    <ClCompile Include="LawnMover.cpp">
      <Filter>Source Files</Filter>
    </ClCompile>
    <ClCompile Include="Pea.cpp">
      <Filter>Source Files</Filter>
    </ClCompile>
    <ClCompile Include="NormalPea.cpp">
      <Filter>Source Files</Filter>
    </ClCompile>
    <ClCompile Include="WhitePeacpp.cpp">
      <Filter>Source Files</Filter>
    </ClCompile>
    <ClCompile Include="Sun.cpp">
      <Filter>Source Files</Filter>
    </ClCompile>
    <ClCompile Include="SimpleZombies.cpp">
      <Filter>Source Files</Filter>
    </ClCompile>
    <ClCompile Include="DolphinRiderZombie.cpp">
      <Filter>Source Files</Filter>
    </ClCompile>
    <ClCompile Include="FootballZombies.cpp">
      <Filter>Source Files</Filter>
    </ClCompile>
    <ClCompile Include="FlyingZombies.cpp">
      <Filter>Source Files</Filter>
    </ClCompile>
    <ClCompile Include="DancingZombies.cpp">
      <Filter>Source Files</Filter>
    </ClCompile>
    <ClCompile Include="Source.cpp">
      <Filter>Source Files</Filter>
    </ClCompile>
    <ClCompile Include="ZombieFactory.cpp">
      <Filter>Source Files</Filter>
    </ClCompile>
    <ClCompile Include="Level.cpp">
      <Filter>Source Files</Filter>
    </ClCompile>
    <ClCompile Include="Game.cpp">
      <Filter>Source Files</Filter>
    </ClCompile>
    <ClCompile Include="BeginersGarden.cpp">
      <Filter>Source Files</Filter>
    </ClCompile>
    <ClCompile Include="Sprite.cpp">
      <Filter>Source Files</Filter>
    </ClCompile>
  </ItemGroup>
</Project>